
Microsoft Visual Studio Solution File, Format Version 12.00
# Visual Studio Version 17
VisualStudioVersion = 17.10.35004.147
MinimumVisualStudioVersion = 10.0.40219.1
Project("{2150E333-8FDC-42A3-9474-1A3956D46DE8}") = "Documentation", "Documentation", "{75560A69-8DD0-423C-84AE-5236A585EB98}"
EndProject
Project("{2150E333-8FDC-42A3-9474-1A3956D46DE8}") = "DynamicLibs", "DynamicLibs", "{C9A017DD-F628-4E0B-B211-14B1E19E4371}"
EndProject
Project("{2150E333-8FDC-42A3-9474-1A3956D46DE8}") = "Executables", "Executables", "{301FC9A7-42AD-4484-BB32-B7DEEA08AF4E}"
EndProject
Project("{2150E333-8FDC-42A3-9474-1A3956D46DE8}") = "StaticLibs", "StaticLibs", "{E7687987-5EBC-43CB-A5A7-6AA62DA816C8}"
EndProject
Project("{2150E333-8FDC-42A3-9474-1A3956D46DE8}") = "Pages", "Pages", "{F8ADD9DC-A511-4D03-9B2A-7CDA44E0743C}"
	ProjectSection(SolutionItems) = preProject
		ProjectFiles\Documentation\BuildDoxygenDocs\pages\00_Introduction.txt = ProjectFiles\Documentation\BuildDoxygenDocs\pages\00_Introduction.txt
		ProjectFiles\Documentation\BuildDoxygenDocs\pages\01_GettingStarted.txt = ProjectFiles\Documentation\BuildDoxygenDocs\pages\01_GettingStarted.txt
		ProjectFiles\Documentation\BuildDoxygenDocs\pages\02_DirectoryLayout.txt = ProjectFiles\Documentation\BuildDoxygenDocs\pages\02_DirectoryLayout.txt
		ProjectFiles\Documentation\BuildDoxygenDocs\pages\03_DoxygenDocumentation.txt = ProjectFiles\Documentation\BuildDoxygenDocs\pages\03_DoxygenDocumentation.txt
		ProjectFiles\Documentation\BuildDoxygenDocs\pages\04_AddingNewProjects.txt = ProjectFiles\Documentation\BuildDoxygenDocs\pages\04_AddingNewProjects.txt
		ProjectFiles\Documentation\BuildDoxygenDocs\pages\06_DavesThoughts.txt = ProjectFiles\Documentation\BuildDoxygenDocs\pages\06_DavesThoughts.txt
		ProjectFiles\Documentation\BuildDoxygenDocs\pages\05_SDL.txt = ProjectFiles\Documentation\BuildDoxygenDocs\pages\05_SDL.txt
		ProjectFiles\Documentation\BuildDoxygenDocs\pages\07_PrivateImplementations.txt = ProjectFiles\Documentation\BuildDoxygenDocs\pages\07_PrivateImplementations.txt
	EndProjectSection
EndProject
Project("{8BC9CEB8-8B4A-11D0-8D11-00A0C91BC942}") = "DavesCodeLib", "ProjectFiles\StaticLibs\DavesCodeLib\DavesCodeLib.vcxproj", "{E49FC452-5602-47FB-8A24-20DAE1921CE5}"
	ProjectSection(ProjectDependencies) = postProject
		{81CE8DAF-EBB2-4761-8E45-B71ABCCA8C68} = {81CE8DAF-EBB2-4761-8E45-B71ABCCA8C68}
	EndProjectSection
EndProject
Project("{8BC9CEB8-8B4A-11D0-8D11-00A0C91BC942}") = "DevApp", "ProjectFiles\Executables\DevApp\DevApp.vcxproj", "{813929D8-452A-4CE0-AA00-07652182E7E9}"
	ProjectSection(ProjectDependencies) = postProject
		{E49FC452-5602-47FB-8A24-20DAE1921CE5} = {E49FC452-5602-47FB-8A24-20DAE1921CE5}
	EndProjectSection
EndProject
Project("{8BC9CEB8-8B4A-11D0-8D11-00A0C91BC942}") = "BuildDoxygenDocs", "ProjectFiles\Documentation\BuildDoxygenDocs\BuildDoxygenDocs.vcxproj", "{17AA19FF-4710-49A6-8AC7-207052007151}"
EndProject
Project("{8BC9CEB8-8B4A-11D0-8D11-00A0C91BC942}") = "SDL2", "ProjectFiles\DynamicLibs\SDL-release-2.30.6\VisualC\SDL\SDL.vcxproj", "{81CE8DAF-EBB2-4761-8E45-B71ABCCA8C68}"
EndProject
Global
	GlobalSection(SolutionConfigurationPlatforms) = preSolution
		Debug|x64 = Debug|x64
		Release|x64 = Release|x64
	EndGlobalSection
	GlobalSection(ProjectConfigurationPlatforms) = postSolution
		{E49FC452-5602-47FB-8A24-20DAE1921CE5}.Debug|x64.ActiveCfg = Debug|x64
		{E49FC452-5602-47FB-8A24-20DAE1921CE5}.Debug|x64.Build.0 = Debug|x64
		{E49FC452-5602-47FB-8A24-20DAE1921CE5}.Release|x64.ActiveCfg = Release|x64
		{E49FC452-5602-47FB-8A24-20DAE1921CE5}.Release|x64.Build.0 = Release|x64
		{813929D8-452A-4CE0-AA00-07652182E7E9}.Debug|x64.ActiveCfg = Debug|x64
		{813929D8-452A-4CE0-AA00-07652182E7E9}.Debug|x64.Build.0 = Debug|x64
		{813929D8-452A-4CE0-AA00-07652182E7E9}.Release|x64.ActiveCfg = Release|x64
		{813929D8-452A-4CE0-AA00-07652182E7E9}.Release|x64.Build.0 = Release|x64
		{17AA19FF-4710-49A6-8AC7-207052007151}.Debug|x64.ActiveCfg = Debug|x64
		{17AA19FF-4710-49A6-8AC7-207052007151}.Debug|x64.Build.0 = Debug|x64
		{17AA19FF-4710-49A6-8AC7-207052007151}.Release|x64.ActiveCfg = Release|x64
		{17AA19FF-4710-49A6-8AC7-207052007151}.Release|x64.Build.0 = Release|x64
		{81CE8DAF-EBB2-4761-8E45-B71ABCCA8C68}.Debug|x64.ActiveCfg = Debug|x64
		{81CE8DAF-EBB2-4761-8E45-B71ABCCA8C68}.Debug|x64.Build.0 = Debug|x64
		{81CE8DAF-EBB2-4761-8E45-B71ABCCA8C68}.Release|x64.ActiveCfg = Release|x64
		{81CE8DAF-EBB2-4761-8E45-B71ABCCA8C68}.Release|x64.Build.0 = Release|x64
	EndGlobalSection
	GlobalSection(SolutionProperties) = preSolution
		HideSolutionNode = FALSE
	EndGlobalSection
	GlobalSection(NestedProjects) = preSolution
		{F8ADD9DC-A511-4D03-9B2A-7CDA44E0743C} = {75560A69-8DD0-423C-84AE-5236A585EB98}
		{E49FC452-5602-47FB-8A24-20DAE1921CE5} = {E7687987-5EBC-43CB-A5A7-6AA62DA816C8}
		{813929D8-452A-4CE0-AA00-07652182E7E9} = {301FC9A7-42AD-4484-BB32-B7DEEA08AF4E}
		{17AA19FF-4710-49A6-8AC7-207052007151} = {75560A69-8DD0-423C-84AE-5236A585EB98}
		{81CE8DAF-EBB2-4761-8E45-B71ABCCA8C68} = {C9A017DD-F628-4E0B-B211-14B1E19E4371}
	EndGlobalSection
	GlobalSection(ExtensibilityGlobals) = postSolution
		SolutionGuid = {1B2B13FD-28D5-447F-8270-B04C1B5CE741}
	EndGlobalSection
EndGlobal
